
Microsoft Visual Studio Solution File, Format Version 12.00
# Visual Studio Version 16
VisualStudioVersion = 16.0.31005.135
MinimumVisualStudioVersion = 10.0.40219.1
Project("{8BC9CEB8-8B4A-11D0-8D11-00A0C91BC942}") = "test2021_03_12", "test2021_03_12\test2021_03_12.vcxproj", "{C7CAE4C3-3AAB-4A2A-9F55-75E08FC7262A}"
EndProject
Global
	GlobalSection(SolutionConfigurationPlatforms) = preSolution
		Debug|x64 = Debug|x64
		Debug|x86 = Debug|x86
		Release|x64 = Release|x64
		Release|x86 = Release|x86
	EndGlobalSection
	GlobalSection(ProjectConfigurationPlatforms) = postSolution
		{C7CAE4C3-3AAB-4A2A-9F55-75E08FC7262A}.Debug|x64.ActiveCfg = Debug|x64
		{C7CAE4C3-3AAB-4A2A-9F55-75E08FC7262A}.Debug|x64.Build.0 = Debug|x64
		{C7CAE4C3-3AAB-4A2A-9F55-75E08FC7262A}.Debug|x86.ActiveCfg = Debug|Win32
		{C7CAE4C3-3AAB-4A2A-9F55-75E08FC7262A}.Debug|x86.Build.0 = Debug|Win32
		{C7CAE4C3-3AAB-4A2A-9F55-75E08FC7262A}.Release|x64.ActiveCfg = Release|x64
		{C7CAE4C3-3AAB-4A2A-9F55-75E08FC7262A}.Release|x64.Build.0 = Release|x64
		{C7CAE4C3-3AAB-4A2A-9F55-75E08FC7262A}.Release|x86.ActiveCfg = Release|Win32
		{C7CAE4C3-3AAB-4A2A-9F55-75E08FC7262A}.Release|x86.Build.0 = Release|Win32
	EndGlobalSection
	GlobalSection(SolutionProperties) = preSolution
		HideSolutionNode = FALSE
	EndGlobalSection
	GlobalSection(ExtensibilityGlobals) = postSolution
		SolutionGuid = {0D872C24-AF72-454B-8D45-97E826D661CA}
	EndGlobalSection
EndGlobal
